# This file is machine-generated by `gh actions-lock`.
# Do not edit by hand; run `gh actions-lock` to update.
# Docs: https://gh.io/actions-lockfile
version: 'v0.0.2'
workflows:
    '.github/workflows/action-example-checker.yaml':
        - 'actions/checkout@v7.0.1'
        - 'jessehouwing/actions-example-checker@v0.0.11'
    '.github/workflows/actions-dependency-submission.yml':
        - 'actions/checkout@v7.0.1'
        - 'actions/dependency-review-action@v5.0.0'
        - 'jessehouwing/actions-dependency-submission@v1.0.17'
    '.github/workflows/actions-semver-checker.yml':
        - 'jessehouwing/actions-semver-checker@v2.1.0'
    '.github/workflows/check-dist.yml':
        - 'actions/checkout@v7.0.1'
        - 'actions/setup-node@v7.0.0'
        - 'actions/upload-artifact@v7.0.1'
        - 'licensee/setup-licensed@v1.3.2'
        - 'ruby/setup-ruby@v1.321.0'
    '.github/workflows/ci.yml':
        - 'actions/checkout@v7.0.1'
        - 'actions/setup-node@v7.0.0'
    '.github/workflows/codeql-analysis.yml':
        - 'actions/checkout@v7.0.1'
        - 'github/codeql-action@v4.37.8'
    '.github/workflows/licensed.yml':
        - 'actions/checkout@v7.0.1'
        - 'actions/setup-node@v7.0.0'
        - 'licensee/setup-licensed@v1.3.2'
        - 'ruby/setup-ruby@v1.321.0'
    '.github/workflows/linter.yml':
        - 'actions/checkout@v7.0.1'
        - 'actions/setup-node@v7.0.0'
        - 'super-linter/super-linter@v8.7.0'
dependencies:
    'actions/checkout@v7.0.1':
        ref: 'v7.0.1'
        commit: 'sha1-3d3c42e5aac5ba805825da76410c181273ba90b1'
        owner_id: 44036562
        repo_id: 197814629
    'actions/dependency-review-action@v5.0.0':
        ref: 'v5.0.0'
        commit: 'sha1-a1d282b36b6f3519aa1f3fc636f609c47dddb294'
        owner_id: 44036562
        repo_id: 476372928
    'actions/setup-node@v7.0.0':
        ref: 'v7.0.0'
        commit: 'sha1-820762786026740c76f36085b0efc47a31fe5020'
        owner_id: 44036562
        repo_id: 189476904
    'actions/upload-artifact@v7.0.1':
        ref: 'v7.0.1'
        commit: 'sha1-043fb46d1a93c77aae656e7c1c64a875d1fc6a0a'
        owner_id: 44036562
        repo_id: 192625955
    'github/codeql-action@v4.37.8':
        ref: 'v4.37.8'
        commit: 'sha1-db488ddef3bf6cb639b32c2e9a7c0a7ea8271d28'
        owner_id: 9919
        repo_id: 259445878
    'jessehouwing/actions-dependency-submission@v1.0.17':
        ref: 'v1.0.17'
        commit: 'sha1-aa358ec7aee0a7f2dbaef9702915b28e90879842'
        owner_id: 4173387
        repo_id: 1109249632
    'jessehouwing/actions-example-checker@v0.0.11':
        ref: 'v0.0.11'
        commit: 'sha1-eb2c287585cd48847abc0d3012e861918793561f'
        owner_id: 4173387
        repo_id: 1161059458
    'jessehouwing/actions-semver-checker@v2.1.0':
        ref: 'v2.1.0'
        commit: 'sha1-1d5f1c217079bb5366ed9b12025fcece100f6bc5'
        owner_id: 4173387
        repo_id: 684124547
    'licensee/setup-licensed@v1.3.2':
        ref: 'v1.3.2'
        commit: 'sha1-0d52e575b3258417672be0dff2f115d7db8771d8'
        owner_id: 47460333
        repo_id: 927966380
    'ruby/setup-ruby@v1.321.0':
        ref: 'v1.321.0'
        commit: 'sha1-95ef2b042f9d7a56d8268cba8559e2842e2ad01b'
        owner_id: 210414
        repo_id: 231208785
    'super-linter/super-linter@v8.7.0':
        ref: 'v8.7.0'
        commit: 'sha1-4ce20838b8ab83717e78138c5b3a1407148e0918'
        owner_id: 74564708
        repo_id: 216581567
